// !$*UTF8*$!
{
	archiveVersion = 1;
	classes = {
	};
	objectVersion = 55;
	objects = {

/* Begin PBXBuildFile section */
		2061F77928621006001D29AA /* CompilerExplorerApp.swift in Sources */ = {isa = PBXBuildFile; fileRef = 2061F77828621006001D29AA /* CompilerExplorerApp.swift */; };
		2061F77B28621006001D29AA /* ContentView.swift in Sources */ = {isa = PBXBuildFile; fileRef = 2061F77A28621006001D29AA /* ContentView.swift */; };
		2061F77D28621008001D29AA /* Assets.xcassets in Resources */ = {isa = PBXBuildFile; fileRef = 2061F77C28621008001D29AA /* Assets.xcassets */; };
		2061F78028621008001D29AA /* Preview Assets.xcassets in Resources */ = {isa = PBXBuildFile; fileRef = 2061F77F28621008001D29AA /* Preview Assets.xcassets */; };
		2061F78B28621008001D29AA /* CompilerExplorerTests.swift in Sources */ = {isa = PBXBuildFile; fileRef = 2061F78A28621008001D29AA /* CompilerExplorerTests.swift */; };
		2061F79528621008001D29AA /* CompilerExplorerUITests.swift in Sources */ = {isa = PBXBuildFile; fileRef = 2061F79428621008001D29AA /* CompilerExplorerUITests.swift */; };
		2061F79728621008001D29AA /* CompilerExplorerUITestsLaunchTests.swift in Sources */ = {isa = PBXBuildFile; fileRef = 2061F79628621008001D29AA /* CompilerExplorerUITestsLaunchTests.swift */; };
		2061F7B428622934001D29AA /* Compiler.swift in Sources */ = {isa = PBXBuildFile; fileRef = 2061F7B328622934001D29AA /* Compiler.swift */; };
		2061F7B9286273B8001D29AA /* TOMLDecoder in Frameworks */ = {isa = PBXBuildFile; productRef = 2061F7B8286273B8001D29AA /* TOMLDecoder */; };
/* End PBXBuildFile section */

/* Begin PBXContainerItemProxy section */
		2061F78728621008001D29AA /* PBXContainerItemProxy */ = {
			isa = PBXContainerItemProxy;
			containerPortal = 2061F76D28621006001D29AA /* Project object */;
			proxyType = 1;
			remoteGlobalIDString = 2061F77428621006001D29AA;
			remoteInfo = CompilerExplorer;
		};
		2061F79128621008001D29AA /* PBXContainerItemProxy */ = {
			isa = PBXContainerItemProxy;
			containerPortal = 2061F76D28621006001D29AA /* Project object */;
			proxyType = 1;
			remoteGlobalIDString = 2061F77428621006001D29AA;
			remoteInfo = CompilerExplorer;
		};
/* End PBXContainerItemProxy section */

/* Begin PBXFileReference section */
		2061F77528621006001D29AA /* CompilerExplorer.app */ = {isa = PBXFileReference; explicitFileType = wrapper.application; includeInIndex = 0; path = CompilerExplorer.app; sourceTree = BUILT_PRODUCTS_DIR; };
		2061F77828621006001D29AA /* CompilerExplorerApp.swift */ = {isa = PBXFileReference; lastKnownFileType = sourcecode.swift; path = CompilerExplorerApp.swift; sourceTree = "<group>"; };
		2061F77A28621006001D29AA /* ContentView.swift */ = {isa = PBXFileReference; lastKnownFileType = sourcecode.swift; path = ContentView.swift; sourceTree = "<group>"; };
		2061F77C28621008001D29AA /* Assets.xcassets */ = {isa = PBXFileReference; lastKnownFileType = folder.assetcatalog; path = Assets.xcassets; sourceTree = "<group>"; };
		2061F77F28621008001D29AA /* Preview Assets.xcassets */ = {isa = PBXFileReference; lastKnownFileType = folder.assetcatalog; path = "Preview Assets.xcassets"; sourceTree = "<group>"; };
		2061F78128621008001D29AA /* CompilerExplorer.entitlements */ = {isa = PBXFileReference; lastKnownFileType = text.plist.entitlements; path = CompilerExplorer.entitlements; sourceTree = "<group>"; };
		2061F78628621008001D29AA /* CompilerExplorerTests.xctest */ = {isa = PBXFileReference; explicitFileType = wrapper.cfbundle; includeInIndex = 0; path = CompilerExplorerTests.xctest; sourceTree = BUILT_PRODUCTS_DIR; };
		2061F78A28621008001D29AA /* CompilerExplorerTests.swift */ = {isa = PBXFileReference; lastKnownFileType = sourcecode.swift; path = CompilerExplorerTests.swift; sourceTree = "<group>"; };
		2061F79028621008001D29AA /* CompilerExplorerUITests.xctest */ = {isa = PBXFileReference; explicitFileType = wrapper.cfbundle; includeInIndex = 0; path = CompilerExplorerUITests.xctest; sourceTree = BUILT_PRODUCTS_DIR; };
		2061F79428621008001D29AA /* CompilerExplorerUITests.swift */ = {isa = PBXFileReference; lastKnownFileType = sourcecode.swift; path = CompilerExplorerUITests.swift; sourceTree = "<group>"; };
		2061F79628621008001D29AA /* CompilerExplorerUITestsLaunchTests.swift */ = {isa = PBXFileReference; lastKnownFileType = sourcecode.swift; path = CompilerExplorerUITestsLaunchTests.swift; sourceTree = "<group>"; };
		2061F7AA286224D7001D29AA /* LICENSE */ = {isa = PBXFileReference; lastKnownFileType = text; path = LICENSE; sourceTree = "<group>"; };
		2061F7AB2862250E001D29AA /* .gitignore */ = {isa = PBXFileReference; lastKnownFileType = text; path = .gitignore; sourceTree = "<group>"; };
		2061F7AC286225BA001D29AA /* README.md */ = {isa = PBXFileReference; lastKnownFileType = net.daringfireball.markdown; path = README.md; sourceTree = "<group>"; };
		2061F7B328622934001D29AA /* Compiler.swift */ = {isa = PBXFileReference; lastKnownFileType = sourcecode.swift; path = Compiler.swift; sourceTree = "<group>"; };
/* End PBXFileReference section */

/* Begin PBXFrameworksBuildPhase section */
		2061F77228621006001D29AA /* Frameworks */ = {
			isa = PBXFrameworksBuildPhase;
			buildActionMask = 2147483647;
			files = (
				2061F7B9286273B8001D29AA /* TOMLDecoder in Frameworks */,
			);
			runOnlyForDeploymentPostprocessing = 0;
		};
		2061F78328621008001D29AA /* Frameworks */ = {
			isa = PBXFrameworksBuildPhase;
			buildActionMask = 2147483647;
			files = (
			);
			runOnlyForDeploymentPostprocessing = 0;
		};
		2061F78D28621008001D29AA /* Frameworks */ = {
			isa = PBXFrameworksBuildPhase;
			buildActionMask = 2147483647;
			files = (
			);
			runOnlyForDeploymentPostprocessing = 0;
		};
/* End PBXFrameworksBuildPhase section */

/* Begin PBXGroup section */
		2061F76C28621006001D29AA = {
			isa = PBXGroup;
			children = (
				2061F7B5286271D9001D29AA /* Sources */,
				2061F7B628627220001D29AA /* Tests */,
				2061F7AA286224D7001D29AA /* LICENSE */,
				2061F7AB2862250E001D29AA /* .gitignore */,
				2061F7AC286225BA001D29AA /* README.md */,
				2061F77628621006001D29AA /* Products */,
			);
			sourceTree = "<group>";
		};
		2061F77628621006001D29AA /* Products */ = {
			isa = PBXGroup;
			children = (
				2061F77528621006001D29AA /* CompilerExplorer.app */,
				2061F78628621008001D29AA /* CompilerExplorerTests.xctest */,
				2061F79028621008001D29AA /* CompilerExplorerUITests.xctest */,
			);
			name = Products;
			sourceTree = "<group>";
		};
		2061F77728621006001D29AA /* CompilerExplorer */ = {
			isa = PBXGroup;
			children = (
				2061F7A528621D45001D29AA /* Config */,
				2061F7A428621C1B001D29AA /* Views */,
				2061F77828621006001D29AA /* CompilerExplorerApp.swift */,
				2061F77A28621006001D29AA /* ContentView.swift */,
				2061F78128621008001D29AA /* CompilerExplorer.entitlements */,
				2061F77C28621008001D29AA /* Assets.xcassets */,
				2061F77E28621008001D29AA /* Preview Content */,
			);
			path = CompilerExplorer;
			sourceTree = "<group>";
		};
		2061F77E28621008001D29AA /* Preview Content */ = {
			isa = PBXGroup;
			children = (
				2061F77F28621008001D29AA /* Preview Assets.xcassets */,
			);
			path = "Preview Content";
			sourceTree = "<group>";
		};
		2061F78928621008001D29AA /* CompilerExplorerTests */ = {
			isa = PBXGroup;
			children = (
				2061F78A28621008001D29AA /* CompilerExplorerTests.swift */,
			);
			path = CompilerExplorerTests;
			sourceTree = "<group>";
		};
		2061F79328621008001D29AA /* CompilerExplorerUITests */ = {
			isa = PBXGroup;
			children = (
				2061F79428621008001D29AA /* CompilerExplorerUITests.swift */,
				2061F79628621008001D29AA /* CompilerExplorerUITestsLaunchTests.swift */,
			);
			path = CompilerExplorerUITests;
			sourceTree = "<group>";
		};
		2061F7A428621C1B001D29AA /* Views */ = {
			isa = PBXGroup;
			children = (
			);
			path = Views;
			sourceTree = "<group>";
		};
		2061F7A528621D45001D29AA /* Config */ = {
			isa = PBXGroup;
			children = (
				2061F7B328622934001D29AA /* Compiler.swift */,
			);
			path = Config;
			sourceTree = "<group>";
		};
		2061F7B5286271D9001D29AA /* Sources */ = {
			isa = PBXGroup;
			children = (
				2061F77728621006001D29AA /* CompilerExplorer */,
			);
			path = Sources;
			sourceTree = "<group>";
		};
		2061F7B628627220001D29AA /* Tests */ = {
			isa = PBXGroup;
			children = (
				2061F78928621008001D29AA /* CompilerExplorerTests */,
				2061F79328621008001D29AA /* CompilerExplorerUITests */,
			);
			path = Tests;
			sourceTree = "<group>";
		};
/* End PBXGroup section */

/* Begin PBXNativeTarget section */
		2061F77428621006001D29AA /* CompilerExplorer */ = {
			isa = PBXNativeTarget;
			buildConfigurationList = 2061F79A28621008001D29AA /* Build configuration list for PBXNativeTarget "CompilerExplorer" */;
			buildPhases = (
				2061F77128621006001D29AA /* Sources */,
				2061F77228621006001D29AA /* Frameworks */,
				2061F77328621006001D29AA /* Resources */,
			);
			buildRules = (
			);
			dependencies = (
			);
			name = CompilerExplorer;
			packageProductDependencies = (
				2061F7B8286273B8001D29AA /* TOMLDecoder */,
			);
			productName = CompilerExplorer;
			productReference = 2061F77528621006001D29AA /* CompilerExplorer.app */;
			productType = "com.apple.product-type.application";
		};
		2061F78528621008001D29AA /* CompilerExplorerTests */ = {
			isa = PBXNativeTarget;
			buildConfigurationList = 2061F79D28621008001D29AA /* Build configuration list for PBXNativeTarget "CompilerExplorerTests" */;
			buildPhases = (
				2061F78228621008001D29AA /* Sources */,
				2061F78328621008001D29AA /* Frameworks */,
				2061F78428621008001D29AA /* Resources */,
			);
			buildRules = (
			);
			dependencies = (
				2061F78828621008001D29AA /* PBXTargetDependency */,
			);
			name = CompilerExplorerTests;
			productName = CompilerExplorerTests;
			productReference = 2061F78628621008001D29AA /* CompilerExplorerTests.xctest */;
			productType = "com.apple.product-type.bundle.unit-test";
		};
		2061F78F28621008001D29AA /* CompilerExplorerUITests */ = {
			isa = PBXNativeTarget;
			buildConfigurationList = 2061F7A028621008001D29AA /* Build configuration list for PBXNativeTarget "CompilerExplorerUITests" */;
			buildPhases = (
				2061F78C28621008001D29AA /* Sources */,
				2061F78D28621008001D29AA /* Frameworks */,
				2061F78E28621008001D29AA /* Resources */,
			);
			buildRules = (
			);
			dependencies = (
				2061F79228621008001D29AA /* PBXTargetDependency */,
			);
			name = CompilerExplorerUITests;
			productName = CompilerExplorerUITests;
			productReference = 2061F79028621008001D29AA /* CompilerExplorerUITests.xctest */;
			productType = "com.apple.product-type.bundle.ui-testing";
		};
/* End PBXNativeTarget section */

/* Begin PBXProject section */
		2061F76D28621006001D29AA /* Project object */ = {
			isa = PBXProject;
			attributes = {
				BuildIndependentTargetsInParallel = 1;
				LastSwiftUpdateCheck = 1340;
				LastUpgradeCheck = 1340;
				TargetAttributes = {
					2061F77428621006001D29AA = {
						CreatedOnToolsVersion = 13.4.1;
					};
					2061F78528621008001D29AA = {
						CreatedOnToolsVersion = 13.4.1;
						TestTargetID = 2061F77428621006001D29AA;
					};
					2061F78F28621008001D29AA = {
						CreatedOnToolsVersion = 13.4.1;
						TestTargetID = 2061F77428621006001D29AA;
					};
				};
			};
			buildConfigurationList = 2061F77028621006001D29AA /* Build configuration list for PBXProject "CompilerExplorer" */;
			compatibilityVersion = "Xcode 13.0";
			developmentRegion = en;
			hasScannedForEncodings = 0;
			knownRegions = (
				en,
				Base,
			);
			mainGroup = 2061F76C28621006001D29AA;
			packageReferences = (
				2061F7B7286273B8001D29AA /* XCRemoteSwiftPackageReference "TOMLDecoder" */,
			);
			productRefGroup = 2061F77628621006001D29AA /* Products */;
			projectDirPath = "";
			projectRoot = "";
			targets = (
				2061F77428621006001D29AA /* CompilerExplorer */,
				2061F78528621008001D29AA /* CompilerExplorerTests */,
				2061F78F28621008001D29AA /* CompilerExplorerUITests */,
			);
		};
/* End PBXProject section */

/* Begin PBXResourcesBuildPhase section */
		2061F77328621006001D29AA /* Resources */ = {
			isa = PBXResourcesBuildPhase;
			buildActionMask = 2147483647;
			files = (
				2061F78028621008001D29AA /* Preview Assets.xcassets in Resources */,
				2061F77D28621008001D29AA /* Assets.xcassets in Resources */,
			);
			runOnlyForDeploymentPostprocessing = 0;
		};
		2061F78428621008001D29AA /* Resources */ = {
			isa = PBXResourcesBuildPhase;
			buildActionMask = 2147483647;
			files = (
			);
			runOnlyForDeploymentPostprocessing = 0;
		};
		2061F78E28621008001D29AA /* Resources */ = {
			isa = PBXResourcesBuildPhase;
			buildActionMask = 2147483647;
			files = (
			);
			runOnlyForDeploymentPostprocessing = 0;
		};
/* End PBXResourcesBuildPhase section */

/* Begin PBXSourcesBuildPhase section */
		2061F77128621006001D29AA /* Sources */ = {
			isa = PBXSourcesBuildPhase;
			buildActionMask = 2147483647;
			files = (
				2061F77B28621006001D29AA /* ContentView.swift in Sources */,
				2061F7B428622934001D29AA /* Compiler.swift in Sources */,
				2061F77928621006001D29AA /* CompilerExplorerApp.swift in Sources */,
			);
			runOnlyForDeploymentPostprocessing = 0;
		};
		2061F78228621008001D29AA /* Sources */ = {
			isa = PBXSourcesBuildPhase;
			buildActionMask = 2147483647;
			files = (
				2061F78B28621008001D29AA /* CompilerExplorerTests.swift in Sources */,
			);
			runOnlyForDeploymentPostprocessing = 0;
		};
		2061F78C28621008001D29AA /* Sources */ = {
			isa = PBXSourcesBuildPhase;
			buildActionMask = 2147483647;
			files = (
				2061F79728621008001D29AA /* CompilerExplorerUITestsLaunchTests.swift in Sources */,
				2061F79528621008001D29AA /* CompilerExplorerUITests.swift in Sources */,
			);
			runOnlyForDeploymentPostprocessing = 0;
		};
/* End PBXSourcesBuildPhase section */

/* Begin PBXTargetDependency section */
		2061F78828621008001D29AA /* PBXTargetDependency */ = {
			isa = PBXTargetDependency;
			target = 2061F77428621006001D29AA /* CompilerExplorer */;
			targetProxy = 2061F78728621008001D29AA /* PBXContainerItemProxy */;
		};
		2061F79228621008001D29AA /* PBXTargetDependency */ = {
			isa = PBXTargetDependency;
			target = 2061F77428621006001D29AA /* CompilerExplorer */;
			targetProxy = 2061F79128621008001D29AA /* PBXContainerItemProxy */;
		};
/* End PBXTargetDependency section */

/* Begin XCBuildConfiguration section */
		2061F79828621008001D29AA /* Debug */ = {
			isa = XCBuildConfiguration;
			buildSettings = {
				ALWAYS_SEARCH_USER_PATHS = NO;
				CLANG_ANALYZER_NONNULL = YES;
				CLANG_ANALYZER_NUMBER_OBJECT_CONVERSION = YES_AGGRESSIVE;
				CLANG_CXX_LANGUAGE_STANDARD = "gnu++17";
				CLANG_ENABLE_MODULES = YES;
				CLANG_ENABLE_OBJC_ARC = YES;
				CLANG_ENABLE_OBJC_WEAK = YES;
				CLANG_WARN_BLOCK_CAPTURE_AUTORELEASING = YES;
				CLANG_WARN_BOOL_CONVERSION = YES;
				CLANG_WARN_COMMA = YES;
				CLANG_WARN_CONSTANT_CONVERSION = YES;
				CLANG_WARN_DEPRECATED_OBJC_IMPLEMENTATIONS = YES;
				CLANG_WARN_DIRECT_OBJC_ISA_USAGE = YES_ERROR;
				CLANG_WARN_DOCUMENTATION_COMMENTS = YES;
				CLANG_WARN_EMPTY_BODY = YES;
				CLANG_WARN_ENUM_CONVERSION = YES;
				CLANG_WARN_INFINITE_RECURSION = YES;
				CLANG_WARN_INT_CONVERSION = YES;
				CLANG_WARN_NON_LITERAL_NULL_CONVERSION = YES;
				CLANG_WARN_OBJC_IMPLICIT_RETAIN_SELF = YES;
				CLANG_WARN_OBJC_LITERAL_CONVERSION = YES;
				CLANG_WARN_OBJC_ROOT_CLASS = YES_ERROR;
				CLANG_WARN_QUOTED_INCLUDE_IN_FRAMEWORK_HEADER = YES;
				CLANG_WARN_RANGE_LOOP_ANALYSIS = YES;
				CLANG_WARN_STRICT_PROTOTYPES = YES;
				CLANG_WARN_SUSPICIOUS_MOVE = YES;
				CLANG_WARN_UNGUARDED_AVAILABILITY = YES_AGGRESSIVE;
				CLANG_WARN_UNREACHABLE_CODE = YES;
				CLANG_WARN__DUPLICATE_METHOD_MATCH = YES;
				COPY_PHASE_STRIP = NO;
				DEBUG_INFORMATION_FORMAT = dwarf;
				ENABLE_STRICT_OBJC_MSGSEND = YES;
				ENABLE_TESTABILITY = YES;
				GCC_C_LANGUAGE_STANDARD = gnu11;
				GCC_DYNAMIC_NO_PIC = NO;
				GCC_NO_COMMON_BLOCKS = YES;
				GCC_OPTIMIZATION_LEVEL = 0;
				GCC_PREPROCESSOR_DEFINITIONS = (
					"DEBUG=1",
					"$(inherited)",
				);
				GCC_WARN_64_TO_32_BIT_CONVERSION = YES;
				GCC_WARN_ABOUT_RETURN_TYPE = YES_ERROR;
				GCC_WARN_UNDECLARED_SELECTOR = YES;
				GCC_WARN_UNINITIALIZED_AUTOS = YES_AGGRESSIVE;
				GCC_WARN_UNUSED_FUNCTION = YES;
				GCC_WARN_UNUSED_VARIABLE = YES;
				MACOSX_DEPLOYMENT_TARGET = 12.3;
				MTL_ENABLE_DEBUG_INFO = INCLUDE_SOURCE;
				MTL_FAST_MATH = YES;
				ONLY_ACTIVE_ARCH = YES;
				SDKROOT = macosx;
				SWIFT_ACTIVE_COMPILATION_CONDITIONS = DEBUG;
				SWIFT_OPTIMIZATION_LEVEL = "-Onone";
			};
			name = Debug;
		};
		2061F79928621008001D29AA /* Release */ = {
			isa = XCBuildConfiguration;
			buildSettings = {
				ALWAYS_SEARCH_USER_PATHS = NO;
				CLANG_ANALYZER_NONNULL = YES;
				CLANG_ANALYZER_NUMBER_OBJECT_CONVERSION = YES_AGGRESSIVE;
				CLANG_CXX_LANGUAGE_STANDARD = "gnu++17";
				CLANG_ENABLE_MODULES = YES;
				CLANG_ENABLE_OBJC_ARC = YES;
				CLANG_ENABLE_OBJC_WEAK = YES;
				CLANG_WARN_BLOCK_CAPTURE_AUTORELEASING = YES;
				CLANG_WARN_BOOL_CONVERSION = YES;
				CLANG_WARN_COMMA = YES;
				CLANG_WARN_CONSTANT_CONVERSION = YES;
				CLANG_WARN_DEPRECATED_OBJC_IMPLEMENTATIONS = YES;
				CLANG_WARN_DIRECT_OBJC_ISA_USAGE = YES_ERROR;
				CLANG_WARN_DOCUMENTATION_COMMENTS = YES;
				CLANG_WARN_EMPTY_BODY = YES;
				CLANG_WARN_ENUM_CONVERSION = YES;
				CLANG_WARN_INFINITE_RECURSION = YES;
				CLANG_WARN_INT_CONVERSION = YES;
				CLANG_WARN_NON_LITERAL_NULL_CONVERSION = YES;
				CLANG_WARN_OBJC_IMPLICIT_RETAIN_SELF = YES;
				CLANG_WARN_OBJC_LITERAL_CONVERSION = YES;
				CLANG_WARN_OBJC_ROOT_CLASS = YES_ERROR;
				CLANG_WARN_QUOTED_INCLUDE_IN_FRAMEWORK_HEADER = YES;
				CLANG_WARN_RANGE_LOOP_ANALYSIS = YES;
				CLANG_WARN_STRICT_PROTOTYPES = YES;
				CLANG_WARN_SUSPICIOUS_MOVE = YES;
				CLANG_WARN_UNGUARDED_AVAILABILITY = YES_AGGRESSIVE;
				CLANG_WARN_UNREACHABLE_CODE = YES;
				CLANG_WARN__DUPLICATE_METHOD_MATCH = YES;
				COPY_PHASE_STRIP = NO;
				DEBUG_INFORMATION_FORMAT = "dwarf-with-dsym";
				ENABLE_NS_ASSERTIONS = NO;
				ENABLE_STRICT_OBJC_MSGSEND = YES;
				GCC_C_LANGUAGE_STANDARD = gnu11;
				GCC_NO_COMMON_BLOCKS = YES;
				GCC_WARN_64_TO_32_BIT_CONVERSION = YES;
				GCC_WARN_ABOUT_RETURN_TYPE = YES_ERROR;
				GCC_WARN_UNDECLARED_SELECTOR = YES;
				GCC_WARN_UNINITIALIZED_AUTOS = YES_AGGRESSIVE;
				GCC_WARN_UNUSED_FUNCTION = YES;
				GCC_WARN_UNUSED_VARIABLE = YES;
				MACOSX_DEPLOYMENT_TARGET = 12.3;
				MTL_ENABLE_DEBUG_INFO = NO;
				MTL_FAST_MATH = YES;
				SDKROOT = macosx;
				SWIFT_COMPILATION_MODE = wholemodule;
				SWIFT_OPTIMIZATION_LEVEL = "-O";
			};
			name = Release;
		};
		2061F79B28621008001D29AA /* Debug */ = {
			isa = XCBuildConfiguration;
			buildSettings = {
				ASSETCATALOG_COMPILER_APPICON_NAME = AppIcon;
				ASSETCATALOG_COMPILER_GLOBAL_ACCENT_COLOR_NAME = AccentColor;
				CODE_SIGN_ENTITLEMENTS = CompilerExplorer/CompilerExplorer.entitlements;
				CODE_SIGN_STYLE = Automatic;
				COMBINE_HIDPI_IMAGES = YES;
				CURRENT_PROJECT_VERSION = 1;
				DEVELOPMENT_ASSET_PATHS = "\"CompilerExplorer/Preview Content\"";
				ENABLE_PREVIEWS = YES;
				GENERATE_INFOPLIST_FILE = YES;
				INFOPLIST_KEY_NSHumanReadableCopyright = "";
				LD_RUNPATH_SEARCH_PATHS = (
					"$(inherited)",
					"@executable_path/../Frameworks",
				);
				MARKETING_VERSION = 1.0;
				PRODUCT_BUNDLE_IDENTIFIER = io.evanacox.CompilerExplorer;
				PRODUCT_NAME = "$(TARGET_NAME)";
				SWIFT_EMIT_LOC_STRINGS = YES;
				SWIFT_VERSION = 5.0;
			};
			name = Debug;
		};
		2061F79C28621008001D29AA /* Release */ = {
			isa = XCBuildConfiguration;
			buildSettings = {
				ASSETCATALOG_COMPILER_APPICON_NAME = AppIcon;
				ASSETCATALOG_COMPILER_GLOBAL_ACCENT_COLOR_NAME = AccentColor;
				CODE_SIGN_ENTITLEMENTS = CompilerExplorer/CompilerExplorer.entitlements;
				CODE_SIGN_STYLE = Automatic;
				COMBINE_HIDPI_IMAGES = YES;
				CURRENT_PROJECT_VERSION = 1;
				DEVELOPMENT_ASSET_PATHS = "\"CompilerExplorer/Preview Content\"";
				ENABLE_PREVIEWS = YES;
				GENERATE_INFOPLIST_FILE = YES;
				INFOPLIST_KEY_NSHumanReadableCopyright = "";
				LD_RUNPATH_SEARCH_PATHS = (
					"$(inherited)",
					"@executable_path/../Frameworks",
				);
				MARKETING_VERSION = 1.0;
				PRODUCT_BUNDLE_IDENTIFIER = io.evanacox.CompilerExplorer;
				PRODUCT_NAME = "$(TARGET_NAME)";
				SWIFT_EMIT_LOC_STRINGS = YES;
				SWIFT_VERSION = 5.0;
			};
			name = Release;
		};
		2061F79E28621008001D29AA /* Debug */ = {
			isa = XCBuildConfiguration;
			buildSettings = {
				ALWAYS_EMBED_SWIFT_STANDARD_LIBRARIES = YES;
				BUNDLE_LOADER = "$(TEST_HOST)";
				CODE_SIGN_STYLE = Automatic;
				CURRENT_PROJECT_VERSION = 1;
				GENERATE_INFOPLIST_FILE = YES;
				MACOSX_DEPLOYMENT_TARGET = 12.3;
				MARKETING_VERSION = 1.0;
				PRODUCT_BUNDLE_IDENTIFIER = io.evanacox.CompilerExplorerTests;
				PRODUCT_NAME = "$(TARGET_NAME)";
				SWIFT_EMIT_LOC_STRINGS = NO;
				SWIFT_VERSION = 5.0;
				TEST_HOST = "$(BUILT_PRODUCTS_DIR)/CompilerExplorer.app/Contents/MacOS/CompilerExplorer";
			};
			name = Debug;
		};
		2061F79F28621008001D29AA /* Release */ = {
			isa = XCBuildConfiguration;
			buildSettings = {
				ALWAYS_EMBED_SWIFT_STANDARD_LIBRARIES = YES;
				BUNDLE_LOADER = "$(TEST_HOST)";
				CODE_SIGN_STYLE = Automatic;
				CURRENT_PROJECT_VERSION = 1;
				GENERATE_INFOPLIST_FILE = YES;
				MACOSX_DEPLOYMENT_TARGET = 12.3;
				MARKETING_VERSION = 1.0;
				PRODUCT_BUNDLE_IDENTIFIER = io.evanacox.CompilerExplorerTests;
				PRODUCT_NAME = "$(TARGET_NAME)";
				SWIFT_EMIT_LOC_STRINGS = NO;
				SWIFT_VERSION = 5.0;
				TEST_HOST = "$(BUILT_PRODUCTS_DIR)/CompilerExplorer.app/Contents/MacOS/CompilerExplorer";
			};
			name = Release;
		};
		2061F7A128621008001D29AA /* Debug */ = {
			isa = XCBuildConfiguration;
			buildSettings = {
				ALWAYS_EMBED_SWIFT_STANDARD_LIBRARIES = YES;
				CODE_SIGN_STYLE = Automatic;
				CURRENT_PROJECT_VERSION = 1;
				GENERATE_INFOPLIST_FILE = YES;
				MARKETING_VERSION = 1.0;
				PRODUCT_BUNDLE_IDENTIFIER = io.evanacox.CompilerExplorerUITests;
				PRODUCT_NAME = "$(TARGET_NAME)";
				SWIFT_EMIT_LOC_STRINGS = NO;
				SWIFT_VERSION = 5.0;
				TEST_TARGET_NAME = CompilerExplorer;
			};
			name = Debug;
		};
		2061F7A228621008001D29AA /* Release */ = {
			isa = XCBuildConfiguration;
			buildSettings = {
				ALWAYS_EMBED_SWIFT_STANDARD_LIBRARIES = YES;
				CODE_SIGN_STYLE = Automatic;
				CURRENT_PROJECT_VERSION = 1;
				GENERATE_INFOPLIST_FILE = YES;
				MARKETING_VERSION = 1.0;
				PRODUCT_BUNDLE_IDENTIFIER = io.evanacox.CompilerExplorerUITests;
				PRODUCT_NAME = "$(TARGET_NAME)";
				SWIFT_EMIT_LOC_STRINGS = NO;
				SWIFT_VERSION = 5.0;
				TEST_TARGET_NAME = CompilerExplorer;
			};
			name = Release;
		};
/* End XCBuildConfiguration section */

/* Begin XCConfigurationList section */
		2061F77028621006001D29AA /* Build configuration list for PBXProject "CompilerExplorer" */ = {
			isa = XCConfigurationList;
			buildConfigurations = (
				2061F79828621008001D29AA /* Debug */,
				2061F79928621008001D29AA /* Release */,
			);
			defaultConfigurationIsVisible = 0;
			defaultConfigurationName = Release;
		};
		2061F79A28621008001D29AA /* Build configuration list for PBXNativeTarget "CompilerExplorer" */ = {
			isa = XCConfigurationList;
			buildConfigurations = (
				2061F79B28621008001D29AA /* Debug */,
				2061F79C28621008001D29AA /* Release */,
			);
			defaultConfigurationIsVisible = 0;
			defaultConfigurationName = Release;
		};
		2061F79D28621008001D29AA /* Build configuration list for PBXNativeTarget "CompilerExplorerTests" */ = {
			isa = XCConfigurationList;
			buildConfigurations = (
				2061F79E28621008001D29AA /* Debug */,
				2061F79F28621008001D29AA /* Release */,
			);
			defaultConfigurationIsVisible = 0;
			defaultConfigurationName = Release;
		};
		2061F7A028621008001D29AA /* Build configuration list for PBXNativeTarget "CompilerExplorerUITests" */ = {
			isa = XCConfigurationList;
			buildConfigurations = (
				2061F7A128621008001D29AA /* Debug */,
				2061F7A228621008001D29AA /* Release */,
			);
			defaultConfigurationIsVisible = 0;
			defaultConfigurationName = Release;
		};
/* End XCConfigurationList section */

/* Begin XCRemoteSwiftPackageReference section */
		2061F7B7286273B8001D29AA /* XCRemoteSwiftPackageReference "TOMLDecoder" */ = {
			isa = XCRemoteSwiftPackageReference;
			repositoryURL = "https://github.com/dduan/TOMLDecoder";
			requirement = {
				kind = exactVersion;
				version = 0.2.2;
			};
		};
/* End XCRemoteSwiftPackageReference section */

/* Begin XCSwiftPackageProductDependency section */
		2061F7B8286273B8001D29AA /* TOMLDecoder */ = {
			isa = XCSwiftPackageProductDependency;
			package = 2061F7B7286273B8001D29AA /* XCRemoteSwiftPackageReference "TOMLDecoder" */;
			productName = TOMLDecoder;
		};
/* End XCSwiftPackageProductDependency section */
	};
	rootObject = 2061F76D28621006001D29AA /* Project object */;
}
